
Microsoft Visual Studio Solution File, Format Version 12.00
# Visual Studio Version 17
VisualStudioVersion = 17.2.32630.192
MinimumVisualStudioVersion = 10.0.40219.1
Project("{FAE04EC0-301F-11D3-BF4B-00C04F79EFBC}") = "Flappy Bird", "Flappy Bird\Flappy Bird.csproj", "{140F3947-5B3E-4A77-8FE1-9F7CCCAA47C6}"
EndProject
Global
	GlobalSection(SolutionConfigurationPlatforms) = preSolution
		Debug|Any CPU = Debug|Any CPU
		Release|Any CPU = Release|Any CPU
	EndGlobalSection
	GlobalSection(ProjectConfigurationPlatforms) = postSolution
		{140F3947-5B3E-4A77-8FE1-9F7CCCAA47C6}.Debug|Any CPU.ActiveCfg = Debug|Any CPU
		{140F3947-5B3E-4A77-8FE1-9F7CCCAA47C6}.Debug|Any CPU.Build.0 = Debug|Any CPU
		{140F3947-5B3E-4A77-8FE1-9F7CCCAA47C6}.Release|Any CPU.ActiveCfg = Release|Any CPU
		{140F3947-5B3E-4A77-8FE1-9F7CCCAA47C6}.Release|Any CPU.Build.0 = Release|Any CPU
	EndGlobalSection
	GlobalSection(SolutionProperties) = preSolution
		HideSolutionNode = FALSE
	EndGlobalSection
	GlobalSection(ExtensibilityGlobals) = postSolution
		SolutionGuid = {00A4CC65-4A5D-4881-BEE5-82A890F84DC9}
	EndGlobalSection
EndGlobal
